<?xml version="1.0" encoding="utf-8"?>
<Project ToolsVersion="4.0" xmlns="http://schemas.microsoft.com/developer/msbuild/2003">
  <ItemGroup>
    <ClCompile Include="etw_cs.cpp" />
    <ClCompile Include="dump_event.cpp" />
  </ItemGroup>
  <ItemGroup>
    <ClInclude Include="dump_event.h" />
  </ItemGroup>
</Project>